
Microsoft Visual Studio Solution File, Format Version 12.00
# Visual Studio Version 17
VisualStudioVersion = 17.14.36511.14 d17.14
MinimumVisualStudioVersion = 10.0.40219.1
Project("{FAE04EC0-301F-11D3-BF4B-00C04F79EFBC}") = "MohawkTerminalGame", "MohawkTerminalGame.csproj", "{996C4C8E-12D2-4BC3-AB0F-80D189C0B827}"
EndProject
Global
	GlobalSection(SolutionConfigurationPlatforms) = preSolution
		Debug|Any CPU = Debug|Any CPU
		Release|Any CPU = Release|Any CPU
	EndGlobalSection
	GlobalSection(ProjectConfigurationPlatforms) = postSolution
		{996C4C8E-12D2-4BC3-AB0F-80D189C0B827}.Debug|Any CPU.ActiveCfg = Debug|Any CPU
		{996C4C8E-12D2-4BC3-AB0F-80D189C0B827}.Debug|Any CPU.Build.0 = Debug|Any CPU
		{996C4C8E-12D2-4BC3-AB0F-80D189C0B827}.Release|Any CPU.ActiveCfg = Release|Any CPU
		{996C4C8E-12D2-4BC3-AB0F-80D189C0B827}.Release|Any CPU.Build.0 = Release|Any CPU
	EndGlobalSection
	GlobalSection(SolutionProperties) = preSolution
		HideSolutionNode = FALSE
	EndGlobalSection
	GlobalSection(ExtensibilityGlobals) = postSolution
		SolutionGuid = {39FF5EB5-5909-42A6-8479-E8CAA523AFBF}
	EndGlobalSection
EndGlobal
